{
  "name": "counttorounded",
  "version": "1.0.0",
  "lockfileVersion": 2,
  "requires": true,
  "packages": {
    "": {
      "name": "counttorounded",
      "version": "1.0.0",
      "license": "ISC",
      "dependencies": {
        "counttorounded": "^1.0.0"
      }
    },
    "node_modules/counttorounded": {
      "version": "1.0.0",
      "resolved": "https://registry.npmjs.org/counttorounded/-/counttorounded-1.0.0.tgz",
      "integrity": "sha512-/m/cSyaZLmfEgsoYC0CIvKbwO13Qpi77Z98MMy28K71mrFerh48fFrW1wRZsyBOKFcAIA0UHuZgTDxd9tT1b1w=="
    }
  },
  "dependencies": {
    "counttorounded": {
      "version": "1.0.0",
      "resolved": "https://registry.npmjs.org/counttorounded/-/counttorounded-1.0.0.tgz",
      "integrity": "sha512-/m/cSyaZLmfEgsoYC0CIvKbwO13Qpi77Z98MMy28K71mrFerh48fFrW1wRZsyBOKFcAIA0UHuZgTDxd9tT1b1w=="
    }
  }
}
